
Microsoft Visual Studio Solution File, Format Version 12.00
# Visual Studio 15
VisualStudioVersion = 15.0.27703.2026
MinimumVisualStudioVersion = 10.0.40219.1
Project("{FAE04EC0-301F-11D3-BF4B-00C04F79EFBC}") = "WebApplication", "WebApplication\WebApplication.csproj", "{9F5B3AE9-DEA7-4704-A251-8EA5E88D8069}"
EndProject
Global
	GlobalSection(SolutionConfigurationPlatforms) = preSolution
		Debug|Any CPU = Debug|Any CPU
		Release|Any CPU = Release|Any CPU
	EndGlobalSection
	GlobalSection(ProjectConfigurationPlatforms) = postSolution
		{9F5B3AE9-DEA7-4704-A251-8EA5E88D8069}.Debug|Any CPU.ActiveCfg = Debug|Any CPU
		{9F5B3AE9-DEA7-4704-A251-8EA5E88D8069}.Debug|Any CPU.Build.0 = Debug|Any CPU
		{9F5B3AE9-DEA7-4704-A251-8EA5E88D8069}.Release|Any CPU.ActiveCfg = Release|Any CPU
		{9F5B3AE9-DEA7-4704-A251-8EA5E88D8069}.Release|Any CPU.Build.0 = Release|Any CPU
	EndGlobalSection
	GlobalSection(SolutionProperties) = preSolution
		HideSolutionNode = FALSE
	EndGlobalSection
	GlobalSection(ExtensibilityGlobals) = postSolution
		SolutionGuid = {BB48F395-20B0-42B1-83B3-960770FA142C}
	EndGlobalSection
EndGlobal
